// !$*UTF8*$!
{
	archiveVersion = 1;
	classes = {
	};
	objectVersion = 51;
	objects = {

/* Begin PBXBuildFile section */
		0406D6872661377B001392CA /* AppDelegate.swift in Sources */ = {isa = PBXBuildFile; fileRef = 0406D6862661377B001392CA /* AppDelegate.swift */; };
		0406D6892661377B001392CA /* SceneDelegate.swift in Sources */ = {isa = PBXBuildFile; fileRef = 0406D6882661377B001392CA /* SceneDelegate.swift */; };
		0406D68B2661377B001392CA /* RepositoryViewController.swift in Sources */ = {isa = PBXBuildFile; fileRef = 0406D68A2661377B001392CA /* RepositoryViewController.swift */; };
		0406D68E2661377B001392CA /* Main.storyboard in Resources */ = {isa = PBXBuildFile; fileRef = 0406D68C2661377B001392CA /* Main.storyboard */; };
		0406D6912661377B001392CA /* iOS_Task.xcdatamodeld in Sources */ = {isa = PBXBuildFile; fileRef = 0406D68F2661377B001392CA /* iOS_Task.xcdatamodeld */; };
		0406D6932661377C001392CA /* Assets.xcassets in Resources */ = {isa = PBXBuildFile; fileRef = 0406D6922661377C001392CA /* Assets.xcassets */; };
		0406D6962661377C001392CA /* LaunchScreen.storyboard in Resources */ = {isa = PBXBuildFile; fileRef = 0406D6942661377C001392CA /* LaunchScreen.storyboard */; };
		0406D6A12661377C001392CA /* iOS_TaskTests.swift in Sources */ = {isa = PBXBuildFile; fileRef = 0406D6A02661377C001392CA /* iOS_TaskTests.swift */; };
		0406D6AC2661377C001392CA /* iOS_TaskUITests.swift in Sources */ = {isa = PBXBuildFile; fileRef = 0406D6AB2661377C001392CA /* iOS_TaskUITests.swift */; };
		0406D6C026614E94001392CA /* RepositoryModel.swift in Sources */ = {isa = PBXBuildFile; fileRef = 0406D6BF26614E94001392CA /* RepositoryModel.swift */; };
		0406D6D926615134001392CA /* RepositoryTableViewCell.swift in Sources */ = {isa = PBXBuildFile; fileRef = 0406D6D726615134001392CA /* RepositoryTableViewCell.swift */; };
		0406D6DA26615134001392CA /* RepositoryTableViewCell.xib in Resources */ = {isa = PBXBuildFile; fileRef = 0406D6D826615134001392CA /* RepositoryTableViewCell.xib */; };
		0406D6E026615853001392CA /* APIServices .swift in Sources */ = {isa = PBXBuildFile; fileRef = 0406D6DF26615853001392CA /* APIServices .swift */; };
		0406D6E8266159A0001392CA /* RepositoryViewModel.swift in Sources */ = {isa = PBXBuildFile; fileRef = 0406D6E7266159A0001392CA /* RepositoryViewModel.swift */; };
		044FD9442662B3F50010DCD5 /* Extensions+UITableView.swift in Sources */ = {isa = PBXBuildFile; fileRef = 044FD9432662B3F50010DCD5 /* Extensions+UITableView.swift */; };
		044FD9582662B8460010DCD5 /* CoreDataManger.swift in Sources */ = {isa = PBXBuildFile; fileRef = 044FD9572662B8460010DCD5 /* CoreDataManger.swift */; };
		0493DB1A2666B4800030F5AB /* Repository.swift in Sources */ = {isa = PBXBuildFile; fileRef = 0493DB192666B4800030F5AB /* Repository.swift */; };
		09F2876ECAC943962E7BD25E /* Pods_iOS_Task_iOS_TaskUITests.framework in Frameworks */ = {isa = PBXBuildFile; fileRef = F203F17BC8501EDDC27C5663 /* Pods_iOS_Task_iOS_TaskUITests.framework */; };
		119115E157D09FAB3B99EFAE /* Pods_iOS_Task.framework in Frameworks */ = {isa = PBXBuildFile; fileRef = 4C7A3CB4A9A8DCC63D24763E /* Pods_iOS_Task.framework */; };
		56C06DA6843BAC765AFE0E68 /* Pods_iOS_TaskTests.framework in Frameworks */ = {isa = PBXBuildFile; fileRef = AA82B9756C27C8F94A10B0EA /* Pods_iOS_TaskTests.framework */; };
/* End PBXBuildFile section */

/* Begin PBXContainerItemProxy section */
		0406D69D2661377C001392CA /* PBXContainerItemProxy */ = {
			isa = PBXContainerItemProxy;
			containerPortal = 0406D67B2661377B001392CA /* Project object */;
			proxyType = 1;
			remoteGlobalIDString = 0406D6822661377B001392CA;
			remoteInfo = "iOS Task";
		};
		0406D6A82661377C001392CA /* PBXContainerItemProxy */ = {
			isa = PBXContainerItemProxy;
			containerPortal = 0406D67B2661377B001392CA /* Project object */;
			proxyType = 1;
			remoteGlobalIDString = 0406D6822661377B001392CA;
			remoteInfo = "iOS Task";
		};
/* End PBXContainerItemProxy section */

/* Begin PBXFileReference section */
		0406D6832661377B001392CA /* iOS Task.app */ = {isa = PBXFileReference; explicitFileType = wrapper.application; includeInIndex = 0; path = "iOS Task.app"; sourceTree = BUILT_PRODUCTS_DIR; };
		0406D6862661377B001392CA /* AppDelegate.swift */ = {isa = PBXFileReference; lastKnownFileType = sourcecode.swift; path = AppDelegate.swift; sourceTree = "<group>"; };
		0406D6882661377B001392CA /* SceneDelegate.swift */ = {isa = PBXFileReference; lastKnownFileType = sourcecode.swift; path = SceneDelegate.swift; sourceTree = "<group>"; };
		0406D68A2661377B001392CA /* RepositoryViewController.swift */ = {isa = PBXFileReference; lastKnownFileType = sourcecode.swift; path = RepositoryViewController.swift; sourceTree = "<group>"; };
		0406D68D2661377B001392CA /* Base */ = {isa = PBXFileReference; lastKnownFileType = file.storyboard; name = Base; path = Base.lproj/Main.storyboard; sourceTree = "<group>"; };
		0406D6902661377B001392CA /* iOS_Task.xcdatamodel */ = {isa = PBXFileReference; lastKnownFileType = wrapper.xcdatamodel; path = iOS_Task.xcdatamodel; sourceTree = "<group>"; };
		0406D6922661377C001392CA /* Assets.xcassets */ = {isa = PBXFileReference; lastKnownFileType = folder.assetcatalog; path = Assets.xcassets; sourceTree = "<group>"; };
		0406D6952661377C001392CA /* Base */ = {isa = PBXFileReference; lastKnownFileType = file.storyboard; name = Base; path = Base.lproj/LaunchScreen.storyboard; sourceTree = "<group>"; };
		0406D6972661377C001392CA /* Info.plist */ = {isa = PBXFileReference; lastKnownFileType = text.plist.xml; path = Info.plist; sourceTree = "<group>"; };
		0406D69C2661377C001392CA /* iOS TaskTests.xctest */ = {isa = PBXFileReference; explicitFileType = wrapper.cfbundle; includeInIndex = 0; path = "iOS TaskTests.xctest"; sourceTree = BUILT_PRODUCTS_DIR; };
		0406D6A02661377C001392CA /* iOS_TaskTests.swift */ = {isa = PBXFileReference; lastKnownFileType = sourcecode.swift; path = iOS_TaskTests.swift; sourceTree = "<group>"; };
		0406D6A22661377C001392CA /* Info.plist */ = {isa = PBXFileReference; lastKnownFileType = text.plist.xml; path = Info.plist; sourceTree = "<group>"; };
		0406D6A72661377C001392CA /* iOS TaskUITests.xctest */ = {isa = PBXFileReference; explicitFileType = wrapper.cfbundle; includeInIndex = 0; path = "iOS TaskUITests.xctest"; sourceTree = BUILT_PRODUCTS_DIR; };
		0406D6AB2661377C001392CA /* iOS_TaskUITests.swift */ = {isa = PBXFileReference; lastKnownFileType = sourcecode.swift; path = iOS_TaskUITests.swift; sourceTree = "<group>"; };
		0406D6AD2661377C001392CA /* Info.plist */ = {isa = PBXFileReference; lastKnownFileType = text.plist.xml; path = Info.plist; sourceTree = "<group>"; };
		0406D6BF26614E94001392CA /* RepositoryModel.swift */ = {isa = PBXFileReference; lastKnownFileType = sourcecode.swift; path = RepositoryModel.swift; sourceTree = "<group>"; };
		0406D6D726615134001392CA /* RepositoryTableViewCell.swift */ = {isa = PBXFileReference; lastKnownFileType = sourcecode.swift; path = RepositoryTableViewCell.swift; sourceTree = "<group>"; };
		0406D6D826615134001392CA /* RepositoryTableViewCell.xib */ = {isa = PBXFileReference; lastKnownFileType = file.xib; path = RepositoryTableViewCell.xib; sourceTree = "<group>"; };
		0406D6DF26615853001392CA /* APIServices .swift */ = {isa = PBXFileReference; lastKnownFileType = sourcecode.swift; path = "APIServices .swift"; sourceTree = "<group>"; };
		0406D6E7266159A0001392CA /* RepositoryViewModel.swift */ = {isa = PBXFileReference; lastKnownFileType = sourcecode.swift; path = RepositoryViewModel.swift; sourceTree = "<group>"; };
		044FD9432662B3F50010DCD5 /* Extensions+UITableView.swift */ = {isa = PBXFileReference; lastKnownFileType = sourcecode.swift; path = "Extensions+UITableView.swift"; sourceTree = "<group>"; };
		044FD9572662B8460010DCD5 /* CoreDataManger.swift */ = {isa = PBXFileReference; lastKnownFileType = sourcecode.swift; path = CoreDataManger.swift; sourceTree = "<group>"; };
		0493DB192666B4800030F5AB /* Repository.swift */ = {isa = PBXFileReference; lastKnownFileType = sourcecode.swift; path = Repository.swift; sourceTree = "<group>"; };
		106929C1643BE128DB09FD9C /* Pods-iOS TaskTests.debug.xcconfig */ = {isa = PBXFileReference; includeInIndex = 1; lastKnownFileType = text.xcconfig; name = "Pods-iOS TaskTests.debug.xcconfig"; path = "Target Support Files/Pods-iOS TaskTests/Pods-iOS TaskTests.debug.xcconfig"; sourceTree = "<group>"; };
		3EF90B6C6EE22102BF3EFE76 /* Pods-iOS Task-iOS TaskUITests.debug.xcconfig */ = {isa = PBXFileReference; includeInIndex = 1; lastKnownFileType = text.xcconfig; name = "Pods-iOS Task-iOS TaskUITests.debug.xcconfig"; path = "Target Support Files/Pods-iOS Task-iOS TaskUITests/Pods-iOS Task-iOS TaskUITests.debug.xcconfig"; sourceTree = "<group>"; };
		4C7A3CB4A9A8DCC63D24763E /* Pods_iOS_Task.framework */ = {isa = PBXFileReference; explicitFileType = wrapper.framework; includeInIndex = 0; path = Pods_iOS_Task.framework; sourceTree = BUILT_PRODUCTS_DIR; };
		AA82B9756C27C8F94A10B0EA /* Pods_iOS_TaskTests.framework */ = {isa = PBXFileReference; explicitFileType = wrapper.framework; includeInIndex = 0; path = Pods_iOS_TaskTests.framework; sourceTree = BUILT_PRODUCTS_DIR; };
		B5C78D5D590F440099CBE0CB /* Pods-iOS Task.debug.xcconfig */ = {isa = PBXFileReference; includeInIndex = 1; lastKnownFileType = text.xcconfig; name = "Pods-iOS Task.debug.xcconfig"; path = "Target Support Files/Pods-iOS Task/Pods-iOS Task.debug.xcconfig"; sourceTree = "<group>"; };
		BFF806A1A07AAC0F9B1BF1D0 /* Pods-iOS Task-iOS TaskUITests.release.xcconfig */ = {isa = PBXFileReference; includeInIndex = 1; lastKnownFileType = text.xcconfig; name = "Pods-iOS Task-iOS TaskUITests.release.xcconfig"; path = "Target Support Files/Pods-iOS Task-iOS TaskUITests/Pods-iOS Task-iOS TaskUITests.release.xcconfig"; sourceTree = "<group>"; };
		C4ED5A7C6123A37D1A84A7DF /* Pods-iOS Task.release.xcconfig */ = {isa = PBXFileReference; includeInIndex = 1; lastKnownFileType = text.xcconfig; name = "Pods-iOS Task.release.xcconfig"; path = "Target Support Files/Pods-iOS Task/Pods-iOS Task.release.xcconfig"; sourceTree = "<group>"; };
		EEA4CF0BEA5BC94FEFE6E721 /* Pods-iOS TaskTests.release.xcconfig */ = {isa = PBXFileReference; includeInIndex = 1; lastKnownFileType = text.xcconfig; name = "Pods-iOS TaskTests.release.xcconfig"; path = "Target Support Files/Pods-iOS TaskTests/Pods-iOS TaskTests.release.xcconfig"; sourceTree = "<group>"; };
		F203F17BC8501EDDC27C5663 /* Pods_iOS_Task_iOS_TaskUITests.framework */ = {isa = PBXFileReference; explicitFileType = wrapper.framework; includeInIndex = 0; path = Pods_iOS_Task_iOS_TaskUITests.framework; sourceTree = BUILT_PRODUCTS_DIR; };
/* End PBXFileReference section */

/* Begin PBXFrameworksBuildPhase section */
		0406D6802661377B001392CA /* Frameworks */ = {
			isa = PBXFrameworksBuildPhase;
			buildActionMask = 2147483647;
			files = (
				119115E157D09FAB3B99EFAE /* Pods_iOS_Task.framework in Frameworks */,
			);
			runOnlyForDeploymentPostprocessing = 0;
		};
		0406D6992661377C001392CA /* Frameworks */ = {
			isa = PBXFrameworksBuildPhase;
			buildActionMask = 2147483647;
			files = (
				56C06DA6843BAC765AFE0E68 /* Pods_iOS_TaskTests.framework in Frameworks */,
			);
			runOnlyForDeploymentPostprocessing = 0;
		};
		0406D6A42661377C001392CA /* Frameworks */ = {
			isa = PBXFrameworksBuildPhase;
			buildActionMask = 2147483647;
			files = (
				09F2876ECAC943962E7BD25E /* Pods_iOS_Task_iOS_TaskUITests.framework in Frameworks */,
			);
			runOnlyForDeploymentPostprocessing = 0;
		};
/* End PBXFrameworksBuildPhase section */

/* Begin PBXGroup section */
		0406D67A2661377B001392CA = {
			isa = PBXGroup;
			children = (
				0406D6852661377B001392CA /* iOS Task */,
				0406D69F2661377C001392CA /* iOS TaskTests */,
				0406D6AA2661377C001392CA /* iOS TaskUITests */,
				0406D6842661377B001392CA /* Products */,
				3F9B8D16E7B208512E5BCD1B /* Pods */,
				E7EBE6153C799F24B4A7679F /* Frameworks */,
			);
			sourceTree = "<group>";
		};
		0406D6842661377B001392CA /* Products */ = {
			isa = PBXGroup;
			children = (
				0406D6832661377B001392CA /* iOS Task.app */,
				0406D69C2661377C001392CA /* iOS TaskTests.xctest */,
				0406D6A72661377C001392CA /* iOS TaskUITests.xctest */,
			);
			name = Products;
			sourceTree = "<group>";
		};
		0406D6852661377B001392CA /* iOS Task */ = {
			isa = PBXGroup;
			children = (
				04A418B8266823E00036337C /* Resources */,
				0493DB182666B4610030F5AB /* Repository */,
				044FD9562662B82C0010DCD5 /* CoreData */,
				044FD92F26627D600010DCD5 /* Utilities */,
				0406D6DE2661582F001392CA /* NetworkLayer */,
				0406D6BE26614DF9001392CA /* ViewModel */,
				0406D6BD26614DF1001392CA /* View */,
				0406D6BC26614DE4001392CA /* Model */,
				0406D6862661377B001392CA /* AppDelegate.swift */,
				0406D6882661377B001392CA /* SceneDelegate.swift */,
				0406D6972661377C001392CA /* Info.plist */,
			);
			path = "iOS Task";
			sourceTree = "<group>";
		};
		0406D69F2661377C001392CA /* iOS TaskTests */ = {
			isa = PBXGroup;
			children = (
				0406D6A02661377C001392CA /* iOS_TaskTests.swift */,
				0406D6A22661377C001392CA /* Info.plist */,
			);
			path = "iOS TaskTests";
			sourceTree = "<group>";
		};
		0406D6AA2661377C001392CA /* iOS TaskUITests */ = {
			isa = PBXGroup;
			children = (
				0406D6AB2661377C001392CA /* iOS_TaskUITests.swift */,
				0406D6AD2661377C001392CA /* Info.plist */,
			);
			path = "iOS TaskUITests";
			sourceTree = "<group>";
		};
		0406D6BC26614DE4001392CA /* Model */ = {
			isa = PBXGroup;
			children = (
				0406D6BF26614E94001392CA /* RepositoryModel.swift */,
			);
			path = Model;
			sourceTree = "<group>";
		};
		0406D6BD26614DF1001392CA /* View */ = {
			isa = PBXGroup;
			children = (
				04A418BC266828E40036337C /* cell */,
				0406D68A2661377B001392CA /* RepositoryViewController.swift */,
				0406D68C2661377B001392CA /* Main.storyboard */,
				0406D6942661377C001392CA /* LaunchScreen.storyboard */,
			);
			path = View;
			sourceTree = "<group>";
		};
		0406D6BE26614DF9001392CA /* ViewModel */ = {
			isa = PBXGroup;
			children = (
				0406D6E7266159A0001392CA /* RepositoryViewModel.swift */,
			);
			path = ViewModel;
			sourceTree = "<group>";
		};
		0406D6DE2661582F001392CA /* NetworkLayer */ = {
			isa = PBXGroup;
			children = (
				0406D6DF26615853001392CA /* APIServices .swift */,
			);
			path = NetworkLayer;
			sourceTree = "<group>";
		};
		044FD92F26627D600010DCD5 /* Utilities */ = {
			isa = PBXGroup;
			children = (
				044FD9432662B3F50010DCD5 /* Extensions+UITableView.swift */,
			);
			path = Utilities;
			sourceTree = "<group>";
		};
		044FD9562662B82C0010DCD5 /* CoreData */ = {
			isa = PBXGroup;
			children = (
				044FD9572662B8460010DCD5 /* CoreDataManger.swift */,
				0406D68F2661377B001392CA /* iOS_Task.xcdatamodeld */,
			);
			path = CoreData;
			sourceTree = "<group>";
		};
		0493DB182666B4610030F5AB /* Repository */ = {
			isa = PBXGroup;
			children = (
				0493DB192666B4800030F5AB /* Repository.swift */,
			);
			path = Repository;
			sourceTree = "<group>";
		};
		04A418B8266823E00036337C /* Resources */ = {
			isa = PBXGroup;
			children = (
				0406D6922661377C001392CA /* Assets.xcassets */,
			);
			path = Resources;
			sourceTree = "<group>";
		};
		04A418BC266828E40036337C /* cell */ = {
			isa = PBXGroup;
			children = (
				0406D6D726615134001392CA /* RepositoryTableViewCell.swift */,
				0406D6D826615134001392CA /* RepositoryTableViewCell.xib */,
			);
			path = cell;
			sourceTree = "<group>";
		};
		3F9B8D16E7B208512E5BCD1B /* Pods */ = {
			isa = PBXGroup;
			children = (
				B5C78D5D590F440099CBE0CB /* Pods-iOS Task.debug.xcconfig */,
				C4ED5A7C6123A37D1A84A7DF /* Pods-iOS Task.release.xcconfig */,
				3EF90B6C6EE22102BF3EFE76 /* Pods-iOS Task-iOS TaskUITests.debug.xcconfig */,
				BFF806A1A07AAC0F9B1BF1D0 /* Pods-iOS Task-iOS TaskUITests.release.xcconfig */,
				106929C1643BE128DB09FD9C /* Pods-iOS TaskTests.debug.xcconfig */,
				EEA4CF0BEA5BC94FEFE6E721 /* Pods-iOS TaskTests.release.xcconfig */,
			);
			path = Pods;
			sourceTree = "<group>";
		};
		E7EBE6153C799F24B4A7679F /* Frameworks */ = {
			isa = PBXGroup;
			children = (
				4C7A3CB4A9A8DCC63D24763E /* Pods_iOS_Task.framework */,
				F203F17BC8501EDDC27C5663 /* Pods_iOS_Task_iOS_TaskUITests.framework */,
				AA82B9756C27C8F94A10B0EA /* Pods_iOS_TaskTests.framework */,
			);
			name = Frameworks;
			sourceTree = "<group>";
		};
/* End PBXGroup section */

/* Begin PBXNativeTarget section */
		0406D6822661377B001392CA /* iOS Task */ = {
			isa = PBXNativeTarget;
			buildConfigurationList = 0406D6B02661377C001392CA /* Build configuration list for PBXNativeTarget "iOS Task" */;
			buildPhases = (
				3A29DFCC298E283F422D046D /* [CP] Check Pods Manifest.lock */,
				0406D67F2661377B001392CA /* Sources */,
				0406D6802661377B001392CA /* Frameworks */,
				0406D6812661377B001392CA /* Resources */,
				41DCF6630F39F25960E99095 /* [CP] Embed Pods Frameworks */,
			);
			buildRules = (
			);
			dependencies = (
			);
			name = "iOS Task";
			productName = "iOS Task";
			productReference = 0406D6832661377B001392CA /* iOS Task.app */;
			productType = "com.apple.product-type.application";
		};
		0406D69B2661377C001392CA /* iOS TaskTests */ = {
			isa = PBXNativeTarget;
			buildConfigurationList = 0406D6B32661377C001392CA /* Build configuration list for PBXNativeTarget "iOS TaskTests" */;
			buildPhases = (
				E212692A4414E1F64EDE398E /* [CP] Check Pods Manifest.lock */,
				0406D6982661377C001392CA /* Sources */,
				0406D6992661377C001392CA /* Frameworks */,
				0406D69A2661377C001392CA /* Resources */,
			);
			buildRules = (
			);
			dependencies = (
				0406D69E2661377C001392CA /* PBXTargetDependency */,
			);
			name = "iOS TaskTests";
			productName = "iOS TaskTests";
			productReference = 0406D69C2661377C001392CA /* iOS TaskTests.xctest */;
			productType = "com.apple.product-type.bundle.unit-test";
		};
		0406D6A62661377C001392CA /* iOS TaskUITests */ = {
			isa = PBXNativeTarget;
			buildConfigurationList = 0406D6B62661377C001392CA /* Build configuration list for PBXNativeTarget "iOS TaskUITests" */;
			buildPhases = (
				69B8E62721A8F138CD907C65 /* [CP] Check Pods Manifest.lock */,
				0406D6A32661377C001392CA /* Sources */,
				0406D6A42661377C001392CA /* Frameworks */,
				0406D6A52661377C001392CA /* Resources */,
				8CC1B912EDCD448ED90522CA /* [CP] Embed Pods Frameworks */,
			);
			buildRules = (
			);
			dependencies = (
				0406D6A92661377C001392CA /* PBXTargetDependency */,
			);
			name = "iOS TaskUITests";
			productName = "iOS TaskUITests";
			productReference = 0406D6A72661377C001392CA /* iOS TaskUITests.xctest */;
			productType = "com.apple.product-type.bundle.ui-testing";
		};
/* End PBXNativeTarget section */

/* Begin PBXProject section */
		0406D67B2661377B001392CA /* Project object */ = {
			isa = PBXProject;
			attributes = {
				LastSwiftUpdateCheck = 1230;
				LastUpgradeCheck = 1230;
				TargetAttributes = {
					0406D6822661377B001392CA = {
						CreatedOnToolsVersion = 12.3;
					};
					0406D69B2661377C001392CA = {
						CreatedOnToolsVersion = 12.3;
						TestTargetID = 0406D6822661377B001392CA;
					};
					0406D6A62661377C001392CA = {
						CreatedOnToolsVersion = 12.3;
						TestTargetID = 0406D6822661377B001392CA;
					};
				};
			};
			buildConfigurationList = 0406D67E2661377B001392CA /* Build configuration list for PBXProject "iOS Task" */;
			compatibilityVersion = "Xcode 9.3";
			developmentRegion = en;
			hasScannedForEncodings = 0;
			knownRegions = (
				en,
				Base,
			);
			mainGroup = 0406D67A2661377B001392CA;
			productRefGroup = 0406D6842661377B001392CA /* Products */;
			projectDirPath = "";
			projectRoot = "";
			targets = (
				0406D6822661377B001392CA /* iOS Task */,
				0406D69B2661377C001392CA /* iOS TaskTests */,
				0406D6A62661377C001392CA /* iOS TaskUITests */,
			);
		};
/* End PBXProject section */

/* Begin PBXResourcesBuildPhase section */
		0406D6812661377B001392CA /* Resources */ = {
			isa = PBXResourcesBuildPhase;
			buildActionMask = 2147483647;
			files = (
				0406D6DA26615134001392CA /* RepositoryTableViewCell.xib in Resources */,
				0406D6962661377C001392CA /* LaunchScreen.storyboard in Resources */,
				0406D6932661377C001392CA /* Assets.xcassets in Resources */,
				0406D68E2661377B001392CA /* Main.storyboard in Resources */,
			);
			runOnlyForDeploymentPostprocessing = 0;
		};
		0406D69A2661377C001392CA /* Resources */ = {
			isa = PBXResourcesBuildPhase;
			buildActionMask = 2147483647;
			files = (
			);
			runOnlyForDeploymentPostprocessing = 0;
		};
		0406D6A52661377C001392CA /* Resources */ = {
			isa = PBXResourcesBuildPhase;
			buildActionMask = 2147483647;
			files = (
			);
			runOnlyForDeploymentPostprocessing = 0;
		};
/* End PBXResourcesBuildPhase section */

/* Begin PBXShellScriptBuildPhase section */
		3A29DFCC298E283F422D046D /* [CP] Check Pods Manifest.lock */ = {
			isa = PBXShellScriptBuildPhase;
			buildActionMask = 2147483647;
			files = (
			);
			inputFileListPaths = (
			);
			inputPaths = (
				"${PODS_PODFILE_DIR_PATH}/Podfile.lock",
				"${PODS_ROOT}/Manifest.lock",
			);
			name = "[CP] Check Pods Manifest.lock";
			outputFileListPaths = (
			);
			outputPaths = (
				"$(DERIVED_FILE_DIR)/Pods-iOS Task-checkManifestLockResult.txt",
			);
			runOnlyForDeploymentPostprocessing = 0;
			shellPath = /bin/sh;
			shellScript = "diff \"${PODS_PODFILE_DIR_PATH}/Podfile.lock\" \"${PODS_ROOT}/Manifest.lock\" > /dev/null\nif [ $? != 0 ] ; then\n    # print error to STDERR\n    echo \"error: The sandbox is not in sync with the Podfile.lock. Run 'pod install' or update your CocoaPods installation.\" >&2\n    exit 1\nfi\n# This output is used by Xcode 'outputs' to avoid re-running this script phase.\necho \"SUCCESS\" > \"${SCRIPT_OUTPUT_FILE_0}\"\n";
			showEnvVarsInLog = 0;
		};
		41DCF6630F39F25960E99095 /* [CP] Embed Pods Frameworks */ = {
			isa = PBXShellScriptBuildPhase;
			buildActionMask = 2147483647;
			files = (
			);
			inputFileListPaths = (
				"${PODS_ROOT}/Target Support Files/Pods-iOS Task/Pods-iOS Task-frameworks-${CONFIGURATION}-input-files.xcfilelist",
			);
			name = "[CP] Embed Pods Frameworks";
			outputFileListPaths = (
				"${PODS_ROOT}/Target Support Files/Pods-iOS Task/Pods-iOS Task-frameworks-${CONFIGURATION}-output-files.xcfilelist",
			);
			runOnlyForDeploymentPostprocessing = 0;
			shellPath = /bin/sh;
			shellScript = "\"${PODS_ROOT}/Target Support Files/Pods-iOS Task/Pods-iOS Task-frameworks.sh\"\n";
			showEnvVarsInLog = 0;
		};
		69B8E62721A8F138CD907C65 /* [CP] Check Pods Manifest.lock */ = {
			isa = PBXShellScriptBuildPhase;
			buildActionMask = 2147483647;
			files = (
			);
			inputFileListPaths = (
			);
			inputPaths = (
				"${PODS_PODFILE_DIR_PATH}/Podfile.lock",
				"${PODS_ROOT}/Manifest.lock",
			);
			name = "[CP] Check Pods Manifest.lock";
			outputFileListPaths = (
			);
			outputPaths = (
				"$(DERIVED_FILE_DIR)/Pods-iOS Task-iOS TaskUITests-checkManifestLockResult.txt",
			);
			runOnlyForDeploymentPostprocessing = 0;
			shellPath = /bin/sh;
			shellScript = "diff \"${PODS_PODFILE_DIR_PATH}/Podfile.lock\" \"${PODS_ROOT}/Manifest.lock\" > /dev/null\nif [ $? != 0 ] ; then\n    # print error to STDERR\n    echo \"error: The sandbox is not in sync with the Podfile.lock. Run 'pod install' or update your CocoaPods installation.\" >&2\n    exit 1\nfi\n# This output is used by Xcode 'outputs' to avoid re-running this script phase.\necho \"SUCCESS\" > \"${SCRIPT_OUTPUT_FILE_0}\"\n";
			showEnvVarsInLog = 0;
		};
		8CC1B912EDCD448ED90522CA /* [CP] Embed Pods Frameworks */ = {
			isa = PBXShellScriptBuildPhase;
			buildActionMask = 2147483647;
			files = (
			);
			inputFileListPaths = (
				"${PODS_ROOT}/Target Support Files/Pods-iOS Task-iOS TaskUITests/Pods-iOS Task-iOS TaskUITests-frameworks-${CONFIGURATION}-input-files.xcfilelist",
			);
			name = "[CP] Embed Pods Frameworks";
			outputFileListPaths = (
				"${PODS_ROOT}/Target Support Files/Pods-iOS Task-iOS TaskUITests/Pods-iOS Task-iOS TaskUITests-frameworks-${CONFIGURATION}-output-files.xcfilelist",
			);
			runOnlyForDeploymentPostprocessing = 0;
			shellPath = /bin/sh;
			shellScript = "\"${PODS_ROOT}/Target Support Files/Pods-iOS Task-iOS TaskUITests/Pods-iOS Task-iOS TaskUITests-frameworks.sh\"\n";
			showEnvVarsInLog = 0;
		};
		E212692A4414E1F64EDE398E /* [CP] Check Pods Manifest.lock */ = {
			isa = PBXShellScriptBuildPhase;
			buildActionMask = 2147483647;
			files = (
			);
			inputFileListPaths = (
			);
			inputPaths = (
				"${PODS_PODFILE_DIR_PATH}/Podfile.lock",
				"${PODS_ROOT}/Manifest.lock",
			);
			name = "[CP] Check Pods Manifest.lock";
			outputFileListPaths = (
			);
			outputPaths = (
				"$(DERIVED_FILE_DIR)/Pods-iOS TaskTests-checkManifestLockResult.txt",
			);
			runOnlyForDeploymentPostprocessing = 0;
			shellPath = /bin/sh;
			shellScript = "diff \"${PODS_PODFILE_DIR_PATH}/Podfile.lock\" \"${PODS_ROOT}/Manifest.lock\" > /dev/null\nif [ $? != 0 ] ; then\n    # print error to STDERR\n    echo \"error: The sandbox is not in sync with the Podfile.lock. Run 'pod install' or update your CocoaPods installation.\" >&2\n    exit 1\nfi\n# This output is used by Xcode 'outputs' to avoid re-running this script phase.\necho \"SUCCESS\" > \"${SCRIPT_OUTPUT_FILE_0}\"\n";
			showEnvVarsInLog = 0;
		};
/* End PBXShellScriptBuildPhase section */

/* Begin PBXSourcesBuildPhase section */
		0406D67F2661377B001392CA /* Sources */ = {
			isa = PBXSourcesBuildPhase;
			buildActionMask = 2147483647;
			files = (
				044FD9582662B8460010DCD5 /* CoreDataManger.swift in Sources */,
				0406D6D926615134001392CA /* RepositoryTableViewCell.swift in Sources */,
				0406D68B2661377B001392CA /* RepositoryViewController.swift in Sources */,
				044FD9442662B3F50010DCD5 /* Extensions+UITableView.swift in Sources */,
				0406D6E026615853001392CA /* APIServices .swift in Sources */,
				0406D6C026614E94001392CA /* RepositoryModel.swift in Sources */,
				0406D6872661377B001392CA /* AppDelegate.swift in Sources */,
				0406D6E8266159A0001392CA /* RepositoryViewModel.swift in Sources */,
				0406D6912661377B001392CA /* iOS_Task.xcdatamodeld in Sources */,
				0406D6892661377B001392CA /* SceneDelegate.swift in Sources */,
				0493DB1A2666B4800030F5AB /* Repository.swift in Sources */,
			);
			runOnlyForDeploymentPostprocessing = 0;
		};
		0406D6982661377C001392CA /* Sources */ = {
			isa = PBXSourcesBuildPhase;
			buildActionMask = 2147483647;
			files = (
				0406D6A12661377C001392CA /* iOS_TaskTests.swift in Sources */,
			);
			runOnlyForDeploymentPostprocessing = 0;
		};
		0406D6A32661377C001392CA /* Sources */ = {
			isa = PBXSourcesBuildPhase;
			buildActionMask = 2147483647;
			files = (
				0406D6AC2661377C001392CA /* iOS_TaskUITests.swift in Sources */,
			);
			runOnlyForDeploymentPostprocessing = 0;
		};
/* End PBXSourcesBuildPhase section */

/* Begin PBXTargetDependency section */
		0406D69E2661377C001392CA /* PBXTargetDependency */ = {
			isa = PBXTargetDependency;
			target = 0406D6822661377B001392CA /* iOS Task */;
			targetProxy = 0406D69D2661377C001392CA /* PBXContainerItemProxy */;
		};
		0406D6A92661377C001392CA /* PBXTargetDependency */ = {
			isa = PBXTargetDependency;
			target = 0406D6822661377B001392CA /* iOS Task */;
			targetProxy = 0406D6A82661377C001392CA /* PBXContainerItemProxy */;
		};
/* End PBXTargetDependency section */

/* Begin PBXVariantGroup section */
		0406D68C2661377B001392CA /* Main.storyboard */ = {
			isa = PBXVariantGroup;
			children = (
				0406D68D2661377B001392CA /* Base */,
			);
			name = Main.storyboard;
			sourceTree = "<group>";
		};
		0406D6942661377C001392CA /* LaunchScreen.storyboard */ = {
			isa = PBXVariantGroup;
			children = (
				0406D6952661377C001392CA /* Base */,
			);
			name = LaunchScreen.storyboard;
			sourceTree = "<group>";
		};
/* End PBXVariantGroup section */

/* Begin XCBuildConfiguration section */
		0406D6AE2661377C001392CA /* Debug */ = {
			isa = XCBuildConfiguration;
			buildSettings = {
				ALWAYS_SEARCH_USER_PATHS = NO;
				CLANG_ANALYZER_NONNULL = YES;
				CLANG_ANALYZER_NUMBER_OBJECT_CONVERSION = YES_AGGRESSIVE;
				CLANG_CXX_LANGUAGE_STANDARD = "gnu++14";
				CLANG_CXX_LIBRARY = "libc++";
				CLANG_ENABLE_MODULES = YES;
				CLANG_ENABLE_OBJC_ARC = YES;
				CLANG_ENABLE_OBJC_WEAK = YES;
				CLANG_WARN_BLOCK_CAPTURE_AUTORELEASING = YES;
				CLANG_WARN_BOOL_CONVERSION = YES;
				CLANG_WARN_COMMA = YES;
				CLANG_WARN_CONSTANT_CONVERSION = YES;
				CLANG_WARN_DEPRECATED_OBJC_IMPLEMENTATIONS = YES;
				CLANG_WARN_DIRECT_OBJC_ISA_USAGE = YES_ERROR;
				CLANG_WARN_DOCUMENTATION_COMMENTS = YES;
				CLANG_WARN_EMPTY_BODY = YES;
				CLANG_WARN_ENUM_CONVERSION = YES;
				CLANG_WARN_INFINITE_RECURSION = YES;
				CLANG_WARN_INT_CONVERSION = YES;
				CLANG_WARN_NON_LITERAL_NULL_CONVERSION = YES;
				CLANG_WARN_OBJC_IMPLICIT_RETAIN_SELF = YES;
				CLANG_WARN_OBJC_LITERAL_CONVERSION = YES;
				CLANG_WARN_OBJC_ROOT_CLASS = YES_ERROR;
				CLANG_WARN_QUOTED_INCLUDE_IN_FRAMEWORK_HEADER = YES;
				CLANG_WARN_RANGE_LOOP_ANALYSIS = YES;
				CLANG_WARN_STRICT_PROTOTYPES = YES;
				CLANG_WARN_SUSPICIOUS_MOVE = YES;
				CLANG_WARN_UNGUARDED_AVAILABILITY = YES_AGGRESSIVE;
				CLANG_WARN_UNREACHABLE_CODE = YES;
				CLANG_WARN__DUPLICATE_METHOD_MATCH = YES;
				COPY_PHASE_STRIP = NO;
				DEBUG_INFORMATION_FORMAT = dwarf;
				ENABLE_STRICT_OBJC_MSGSEND = YES;
				ENABLE_TESTABILITY = YES;
				GCC_C_LANGUAGE_STANDARD = gnu11;
				GCC_DYNAMIC_NO_PIC = NO;
				GCC_NO_COMMON_BLOCKS = YES;
				GCC_OPTIMIZATION_LEVEL = 0;
				GCC_PREPROCESSOR_DEFINITIONS = (
					"DEBUG=1",
					"$(inherited)",
				);
				GCC_WARN_64_TO_32_BIT_CONVERSION = YES;
				GCC_WARN_ABOUT_RETURN_TYPE = YES_ERROR;
				GCC_WARN_UNDECLARED_SELECTOR = YES;
				GCC_WARN_UNINITIALIZED_AUTOS = YES_AGGRESSIVE;
				GCC_WARN_UNUSED_FUNCTION = YES;
				GCC_WARN_UNUSED_VARIABLE = YES;
				IPHONEOS_DEPLOYMENT_TARGET = 14.3;
				MTL_ENABLE_DEBUG_INFO = INCLUDE_SOURCE;
				MTL_FAST_MATH = YES;
				ONLY_ACTIVE_ARCH = YES;
				SDKROOT = iphoneos;
				SWIFT_ACTIVE_COMPILATION_CONDITIONS = DEBUG;
				SWIFT_OPTIMIZATION_LEVEL = "-Onone";
			};
			name = Debug;
		};
		0406D6AF2661377C001392CA /* Release */ = {
			isa = XCBuildConfiguration;
			buildSettings = {
				ALWAYS_SEARCH_USER_PATHS = NO;
				CLANG_ANALYZER_NONNULL = YES;
				CLANG_ANALYZER_NUMBER_OBJECT_CONVERSION = YES_AGGRESSIVE;
				CLANG_CXX_LANGUAGE_STANDARD = "gnu++14";
				CLANG_CXX_LIBRARY = "libc++";
				CLANG_ENABLE_MODULES = YES;
				CLANG_ENABLE_OBJC_ARC = YES;
				CLANG_ENABLE_OBJC_WEAK = YES;
				CLANG_WARN_BLOCK_CAPTURE_AUTORELEASING = YES;
				CLANG_WARN_BOOL_CONVERSION = YES;
				CLANG_WARN_COMMA = YES;
				CLANG_WARN_CONSTANT_CONVERSION = YES;
				CLANG_WARN_DEPRECATED_OBJC_IMPLEMENTATIONS = YES;
				CLANG_WARN_DIRECT_OBJC_ISA_USAGE = YES_ERROR;
				CLANG_WARN_DOCUMENTATION_COMMENTS = YES;
				CLANG_WARN_EMPTY_BODY = YES;
				CLANG_WARN_ENUM_CONVERSION = YES;
				CLANG_WARN_INFINITE_RECURSION = YES;
				CLANG_WARN_INT_CONVERSION = YES;
				CLANG_WARN_NON_LITERAL_NULL_CONVERSION = YES;
				CLANG_WARN_OBJC_IMPLICIT_RETAIN_SELF = YES;
				CLANG_WARN_OBJC_LITERAL_CONVERSION = YES;
				CLANG_WARN_OBJC_ROOT_CLASS = YES_ERROR;
				CLANG_WARN_QUOTED_INCLUDE_IN_FRAMEWORK_HEADER = YES;
				CLANG_WARN_RANGE_LOOP_ANALYSIS = YES;
				CLANG_WARN_STRICT_PROTOTYPES = YES;
				CLANG_WARN_SUSPICIOUS_MOVE = YES;
				CLANG_WARN_UNGUARDED_AVAILABILITY = YES_AGGRESSIVE;
				CLANG_WARN_UNREACHABLE_CODE = YES;
				CLANG_WARN__DUPLICATE_METHOD_MATCH = YES;
				COPY_PHASE_STRIP = NO;
				DEBUG_INFORMATION_FORMAT = "dwarf-with-dsym";
				ENABLE_NS_ASSERTIONS = NO;
				ENABLE_STRICT_OBJC_MSGSEND = YES;
				GCC_C_LANGUAGE_STANDARD = gnu11;
				GCC_NO_COMMON_BLOCKS = YES;
				GCC_WARN_64_TO_32_BIT_CONVERSION = YES;
				GCC_WARN_ABOUT_RETURN_TYPE = YES_ERROR;
				GCC_WARN_UNDECLARED_SELECTOR = YES;
				GCC_WARN_UNINITIALIZED_AUTOS = YES_AGGRESSIVE;
				GCC_WARN_UNUSED_FUNCTION = YES;
				GCC_WARN_UNUSED_VARIABLE = YES;
				IPHONEOS_DEPLOYMENT_TARGET = 14.3;
				MTL_ENABLE_DEBUG_INFO = NO;
				MTL_FAST_MATH = YES;
				SDKROOT = iphoneos;
				SWIFT_COMPILATION_MODE = wholemodule;
				SWIFT_OPTIMIZATION_LEVEL = "-O";
				VALIDATE_PRODUCT = YES;
			};
			name = Release;
		};
		0406D6B12661377C001392CA /* Debug */ = {
			isa = XCBuildConfiguration;
			baseConfigurationReference = B5C78D5D590F440099CBE0CB /* Pods-iOS Task.debug.xcconfig */;
			buildSettings = {
				ASSETCATALOG_COMPILER_APPICON_NAME = AppIcon;
				ASSETCATALOG_COMPILER_GLOBAL_ACCENT_COLOR_NAME = AccentColor;
				CODE_SIGN_STYLE = Automatic;
				DEVELOPMENT_TEAM = ZL277FBYUJ;
				INFOPLIST_FILE = "iOS Task/Info.plist";
				LD_RUNPATH_SEARCH_PATHS = (
					"$(inherited)",
					"@executable_path/Frameworks",
				);
				PRODUCT_BUNDLE_IDENTIFIER = "MinaZakaria.iOS-Task";
				PRODUCT_NAME = "$(TARGET_NAME)";
				SWIFT_VERSION = 5.0;
				TARGETED_DEVICE_FAMILY = "1,2";
			};
			name = Debug;
		};
		0406D6B22661377C001392CA /* Release */ = {
			isa = XCBuildConfiguration;
			baseConfigurationReference = C4ED5A7C6123A37D1A84A7DF /* Pods-iOS Task.release.xcconfig */;
			buildSettings = {
				ASSETCATALOG_COMPILER_APPICON_NAME = AppIcon;
				ASSETCATALOG_COMPILER_GLOBAL_ACCENT_COLOR_NAME = AccentColor;
				CODE_SIGN_STYLE = Automatic;
				DEVELOPMENT_TEAM = ZL277FBYUJ;
				INFOPLIST_FILE = "iOS Task/Info.plist";
				LD_RUNPATH_SEARCH_PATHS = (
					"$(inherited)",
					"@executable_path/Frameworks",
				);
				PRODUCT_BUNDLE_IDENTIFIER = "MinaZakaria.iOS-Task";
				PRODUCT_NAME = "$(TARGET_NAME)";
				SWIFT_VERSION = 5.0;
				TARGETED_DEVICE_FAMILY = "1,2";
			};
			name = Release;
		};
		0406D6B42661377C001392CA /* Debug */ = {
			isa = XCBuildConfiguration;
			baseConfigurationReference = 106929C1643BE128DB09FD9C /* Pods-iOS TaskTests.debug.xcconfig */;
			buildSettings = {
				ALWAYS_EMBED_SWIFT_STANDARD_LIBRARIES = YES;
				BUNDLE_LOADER = "$(TEST_HOST)";
				CODE_SIGN_STYLE = Automatic;
				DEVELOPMENT_TEAM = ZL277FBYUJ;
				INFOPLIST_FILE = "iOS TaskTests/Info.plist";
				IPHONEOS_DEPLOYMENT_TARGET = 14.3;
				LD_RUNPATH_SEARCH_PATHS = (
					"$(inherited)",
					"@executable_path/Frameworks",
					"@loader_path/Frameworks",
				);
				PRODUCT_BUNDLE_IDENTIFIER = "MinaZakaria.iOS-TaskTests";
				PRODUCT_NAME = "$(TARGET_NAME)";
				SWIFT_VERSION = 5.0;
				TARGETED_DEVICE_FAMILY = "1,2";
				TEST_HOST = "$(BUILT_PRODUCTS_DIR)/iOS Task.app/iOS Task";
			};
			name = Debug;
		};
		0406D6B52661377C001392CA /* Release */ = {
			isa = XCBuildConfiguration;
			baseConfigurationReference = EEA4CF0BEA5BC94FEFE6E721 /* Pods-iOS TaskTests.release.xcconfig */;
			buildSettings = {
				ALWAYS_EMBED_SWIFT_STANDARD_LIBRARIES = YES;
				BUNDLE_LOADER = "$(TEST_HOST)";
				CODE_SIGN_STYLE = Automatic;
				DEVELOPMENT_TEAM = ZL277FBYUJ;
				INFOPLIST_FILE = "iOS TaskTests/Info.plist";
				IPHONEOS_DEPLOYMENT_TARGET = 14.3;
				LD_RUNPATH_SEARCH_PATHS = (
					"$(inherited)",
					"@executable_path/Frameworks",
					"@loader_path/Frameworks",
				);
				PRODUCT_BUNDLE_IDENTIFIER = "MinaZakaria.iOS-TaskTests";
				PRODUCT_NAME = "$(TARGET_NAME)";
				SWIFT_VERSION = 5.0;
				TARGETED_DEVICE_FAMILY = "1,2";
				TEST_HOST = "$(BUILT_PRODUCTS_DIR)/iOS Task.app/iOS Task";
			};
			name = Release;
		};
		0406D6B72661377C001392CA /* Debug */ = {
			isa = XCBuildConfiguration;
			baseConfigurationReference = 3EF90B6C6EE22102BF3EFE76 /* Pods-iOS Task-iOS TaskUITests.debug.xcconfig */;
			buildSettings = {
				ALWAYS_EMBED_SWIFT_STANDARD_LIBRARIES = YES;
				CODE_SIGN_STYLE = Automatic;
				DEVELOPMENT_TEAM = ZL277FBYUJ;
				INFOPLIST_FILE = "iOS TaskUITests/Info.plist";
				LD_RUNPATH_SEARCH_PATHS = (
					"$(inherited)",
					"@executable_path/Frameworks",
					"@loader_path/Frameworks",
				);
				PRODUCT_BUNDLE_IDENTIFIER = "MinaZakaria.iOS-TaskUITests";
				PRODUCT_NAME = "$(TARGET_NAME)";
				SWIFT_VERSION = 5.0;
				TARGETED_DEVICE_FAMILY = "1,2";
				TEST_TARGET_NAME = "iOS Task";
			};
			name = Debug;
		};
		0406D6B82661377C001392CA /* Release */ = {
			isa = XCBuildConfiguration;
			baseConfigurationReference = BFF806A1A07AAC0F9B1BF1D0 /* Pods-iOS Task-iOS TaskUITests.release.xcconfig */;
			buildSettings = {
				ALWAYS_EMBED_SWIFT_STANDARD_LIBRARIES = YES;
				CODE_SIGN_STYLE = Automatic;
				DEVELOPMENT_TEAM = ZL277FBYUJ;
				INFOPLIST_FILE = "iOS TaskUITests/Info.plist";
				LD_RUNPATH_SEARCH_PATHS = (
					"$(inherited)",
					"@executable_path/Frameworks",
					"@loader_path/Frameworks",
				);
				PRODUCT_BUNDLE_IDENTIFIER = "MinaZakaria.iOS-TaskUITests";
				PRODUCT_NAME = "$(TARGET_NAME)";
				SWIFT_VERSION = 5.0;
				TARGETED_DEVICE_FAMILY = "1,2";
				TEST_TARGET_NAME = "iOS Task";
			};
			name = Release;
		};
/* End XCBuildConfiguration section */

/* Begin XCConfigurationList section */
		0406D67E2661377B001392CA /* Build configuration list for PBXProject "iOS Task" */ = {
			isa = XCConfigurationList;
			buildConfigurations = (
				0406D6AE2661377C001392CA /* Debug */,
				0406D6AF2661377C001392CA /* Release */,
			);
			defaultConfigurationIsVisible = 0;
			defaultConfigurationName = Release;
		};
		0406D6B02661377C001392CA /* Build configuration list for PBXNativeTarget "iOS Task" */ = {
			isa = XCConfigurationList;
			buildConfigurations = (
				0406D6B12661377C001392CA /* Debug */,
				0406D6B22661377C001392CA /* Release */,
			);
			defaultConfigurationIsVisible = 0;
			defaultConfigurationName = Release;
		};
		0406D6B32661377C001392CA /* Build configuration list for PBXNativeTarget "iOS TaskTests" */ = {
			isa = XCConfigurationList;
			buildConfigurations = (
				0406D6B42661377C001392CA /* Debug */,
				0406D6B52661377C001392CA /* Release */,
			);
			defaultConfigurationIsVisible = 0;
			defaultConfigurationName = Release;
		};
		0406D6B62661377C001392CA /* Build configuration list for PBXNativeTarget "iOS TaskUITests" */ = {
			isa = XCConfigurationList;
			buildConfigurations = (
				0406D6B72661377C001392CA /* Debug */,
				0406D6B82661377C001392CA /* Release */,
			);
			defaultConfigurationIsVisible = 0;
			defaultConfigurationName = Release;
		};
/* End XCConfigurationList section */

/* Begin XCVersionGroup section */
		0406D68F2661377B001392CA /* iOS_Task.xcdatamodeld */ = {
			isa = XCVersionGroup;
			children = (
				0406D6902661377B001392CA /* iOS_Task.xcdatamodel */,
			);
			currentVersion = 0406D6902661377B001392CA /* iOS_Task.xcdatamodel */;
			path = iOS_Task.xcdatamodeld;
			sourceTree = "<group>";
			versionGroupType = wrapper.xcdatamodel;
		};
/* End XCVersionGroup section */
	};
	rootObject = 0406D67B2661377B001392CA /* Project object */;
}
